
Microsoft Visual Studio Solution File, Format Version 12.00
# Visual Studio Version 16
VisualStudioVersion = 16.0.29613.14
MinimumVisualStudioVersion = 10.0.40219.1
Project("{FAE04EC0-301F-11D3-BF4B-00C04F79EFBC}") = "SysPregacoes", "SysPregacoes\SysPregacoes.csproj", "{319AED46-3CE5-4A4F-9838-BFC3A37E9A73}"
EndProject
Project("{FAE04EC0-301F-11D3-BF4B-00C04F79EFBC}") = "CamadaNegocio", "CamadaNegocio\CamadaNegocio.csproj", "{0F4F1E53-5E45-45E1-8A52-E3FD44642C03}"
EndProject
Project("{FAE04EC0-301F-11D3-BF4B-00C04F79EFBC}") = "CamadaDados", "CamadaDados\CamadaDados.csproj", "{18B2416F-D7E8-4122-9644-56669C45C37E}"
EndProject
Project("{FAE04EC0-301F-11D3-BF4B-00C04F79EFBC}") = "CamadaApresentacao", "CamadaApresentacao\CamadaApresentacao.csproj", "{1388D067-273E-4E18-9457-18DE7EDEF385}"
EndProject
Project("{54435603-DBB4-11D2-8724-00A0C9A8B90C}") = "SistemaPregações", "SistemaPregações\SistemaPregações.vdproj", "{A8A8787A-FC46-4987-9402-820D711D9762}"
EndProject
Global
	GlobalSection(SolutionConfigurationPlatforms) = preSolution
		Debug|Any CPU = Debug|Any CPU
		Debug|x64 = Debug|x64
		Debug|x86 = Debug|x86
		Release|Any CPU = Release|Any CPU
		Release|x64 = Release|x64
		Release|x86 = Release|x86
	EndGlobalSection
	GlobalSection(ProjectConfigurationPlatforms) = postSolution
		{319AED46-3CE5-4A4F-9838-BFC3A37E9A73}.Debug|Any CPU.ActiveCfg = Debug|Any CPU
		{319AED46-3CE5-4A4F-9838-BFC3A37E9A73}.Debug|Any CPU.Build.0 = Debug|Any CPU
		{319AED46-3CE5-4A4F-9838-BFC3A37E9A73}.Debug|x64.ActiveCfg = Debug|x64
		{319AED46-3CE5-4A4F-9838-BFC3A37E9A73}.Debug|x64.Build.0 = Debug|x64
		{319AED46-3CE5-4A4F-9838-BFC3A37E9A73}.Debug|x86.ActiveCfg = Debug|x86
		{319AED46-3CE5-4A4F-9838-BFC3A37E9A73}.Debug|x86.Build.0 = Debug|x86
		{319AED46-3CE5-4A4F-9838-BFC3A37E9A73}.Release|Any CPU.ActiveCfg = Release|Any CPU
		{319AED46-3CE5-4A4F-9838-BFC3A37E9A73}.Release|Any CPU.Build.0 = Release|Any CPU
		{319AED46-3CE5-4A4F-9838-BFC3A37E9A73}.Release|x64.ActiveCfg = Release|x64
		{319AED46-3CE5-4A4F-9838-BFC3A37E9A73}.Release|x64.Build.0 = Release|x64
		{319AED46-3CE5-4A4F-9838-BFC3A37E9A73}.Release|x86.ActiveCfg = Release|x86
		{319AED46-3CE5-4A4F-9838-BFC3A37E9A73}.Release|x86.Build.0 = Release|x86
		{0F4F1E53-5E45-45E1-8A52-E3FD44642C03}.Debug|Any CPU.ActiveCfg = Debug|Any CPU
		{0F4F1E53-5E45-45E1-8A52-E3FD44642C03}.Debug|Any CPU.Build.0 = Debug|Any CPU
		{0F4F1E53-5E45-45E1-8A52-E3FD44642C03}.Debug|x64.ActiveCfg = Debug|x64
		{0F4F1E53-5E45-45E1-8A52-E3FD44642C03}.Debug|x64.Build.0 = Debug|x64
		{0F4F1E53-5E45-45E1-8A52-E3FD44642C03}.Debug|x86.ActiveCfg = Debug|x86
		{0F4F1E53-5E45-45E1-8A52-E3FD44642C03}.Debug|x86.Build.0 = Debug|x86
		{0F4F1E53-5E45-45E1-8A52-E3FD44642C03}.Release|Any CPU.ActiveCfg = Release|Any CPU
		{0F4F1E53-5E45-45E1-8A52-E3FD44642C03}.Release|Any CPU.Build.0 = Release|Any CPU
		{0F4F1E53-5E45-45E1-8A52-E3FD44642C03}.Release|x64.ActiveCfg = Release|x64
		{0F4F1E53-5E45-45E1-8A52-E3FD44642C03}.Release|x64.Build.0 = Release|x64
		{0F4F1E53-5E45-45E1-8A52-E3FD44642C03}.Release|x86.ActiveCfg = Release|x86
		{0F4F1E53-5E45-45E1-8A52-E3FD44642C03}.Release|x86.Build.0 = Release|x86
		{18B2416F-D7E8-4122-9644-56669C45C37E}.Debug|Any CPU.ActiveCfg = Debug|Any CPU
		{18B2416F-D7E8-4122-9644-56669C45C37E}.Debug|Any CPU.Build.0 = Debug|Any CPU
		{18B2416F-D7E8-4122-9644-56669C45C37E}.Debug|x64.ActiveCfg = Debug|x64
		{18B2416F-D7E8-4122-9644-56669C45C37E}.Debug|x64.Build.0 = Debug|x64
		{18B2416F-D7E8-4122-9644-56669C45C37E}.Debug|x86.ActiveCfg = Debug|x86
		{18B2416F-D7E8-4122-9644-56669C45C37E}.Debug|x86.Build.0 = Debug|x86
		{18B2416F-D7E8-4122-9644-56669C45C37E}.Release|Any CPU.ActiveCfg = Release|Any CPU
		{18B2416F-D7E8-4122-9644-56669C45C37E}.Release|Any CPU.Build.0 = Release|Any CPU
		{18B2416F-D7E8-4122-9644-56669C45C37E}.Release|x64.ActiveCfg = Release|x64
		{18B2416F-D7E8-4122-9644-56669C45C37E}.Release|x64.Build.0 = Release|x64
		{18B2416F-D7E8-4122-9644-56669C45C37E}.Release|x86.ActiveCfg = Release|x86
		{18B2416F-D7E8-4122-9644-56669C45C37E}.Release|x86.Build.0 = Release|x86
		{1388D067-273E-4E18-9457-18DE7EDEF385}.Debug|Any CPU.ActiveCfg = Debug|Any CPU
		{1388D067-273E-4E18-9457-18DE7EDEF385}.Debug|Any CPU.Build.0 = Debug|Any CPU
		{1388D067-273E-4E18-9457-18DE7EDEF385}.Debug|x64.ActiveCfg = Debug|x64
		{1388D067-273E-4E18-9457-18DE7EDEF385}.Debug|x64.Build.0 = Debug|x64
		{1388D067-273E-4E18-9457-18DE7EDEF385}.Debug|x86.ActiveCfg = Debug|x86
		{1388D067-273E-4E18-9457-18DE7EDEF385}.Debug|x86.Build.0 = Debug|x86
		{1388D067-273E-4E18-9457-18DE7EDEF385}.Release|Any CPU.ActiveCfg = Release|Any CPU
		{1388D067-273E-4E18-9457-18DE7EDEF385}.Release|Any CPU.Build.0 = Release|Any CPU
		{1388D067-273E-4E18-9457-18DE7EDEF385}.Release|x64.ActiveCfg = Release|x64
		{1388D067-273E-4E18-9457-18DE7EDEF385}.Release|x64.Build.0 = Release|x64
		{1388D067-273E-4E18-9457-18DE7EDEF385}.Release|x86.ActiveCfg = Release|x86
		{1388D067-273E-4E18-9457-18DE7EDEF385}.Release|x86.Build.0 = Release|x86
		{A8A8787A-FC46-4987-9402-820D711D9762}.Debug|Any CPU.ActiveCfg = Debug
		{A8A8787A-FC46-4987-9402-820D711D9762}.Debug|x64.ActiveCfg = Debug
		{A8A8787A-FC46-4987-9402-820D711D9762}.Debug|x86.ActiveCfg = Debug
		{A8A8787A-FC46-4987-9402-820D711D9762}.Debug|x86.Build.0 = Debug
		{A8A8787A-FC46-4987-9402-820D711D9762}.Release|Any CPU.ActiveCfg = Release
		{A8A8787A-FC46-4987-9402-820D711D9762}.Release|x64.ActiveCfg = Release
		{A8A8787A-FC46-4987-9402-820D711D9762}.Release|x86.ActiveCfg = Release
		{A8A8787A-FC46-4987-9402-820D711D9762}.Release|x86.Build.0 = Release
	EndGlobalSection
	GlobalSection(SolutionProperties) = preSolution
		HideSolutionNode = FALSE
	EndGlobalSection
	GlobalSection(ExtensibilityGlobals) = postSolution
		SolutionGuid = {F4664FEC-202F-43DF-B710-59DAF89325EC}
	EndGlobalSection
EndGlobal
